
Microsoft Visual Studio Solution File, Format Version 12.00
# Visual Studio 15
VisualStudioVersion = 15.0.27428.2037
MinimumVisualStudioVersion = 10.0.40219.1
Project("{9A19103F-16F7-4668-BE54-9A1E7A4F7556}") = "SharpBucket", "SharpBucket\SharpBucket.csproj", "{F7C8FEF8-4ADB-4175-A4D8-2A0598B78786}"
EndProject
Project("{9A19103F-16F7-4668-BE54-9A1E7A4F7556}") = "SharpBucketTests", "SharpBucketTests\SharpBucketTests.csproj", "{C3094CF4-DFD2-40FD-BB43-7D0C18006F59}"
EndProject
Project("{FAE04EC0-301F-11D3-BF4B-00C04F79EFBC}") = "SharpBucketCli", "SharpBucketCli\SharpBucketCli.csproj", "{C616E2CF-5E0C-4248-A2EF-A8EBA3540B1C}"
EndProject
Global
	GlobalSection(SolutionConfigurationPlatforms) = preSolution
		Debug|Any CPU = Debug|Any CPU
		Release|Any CPU = Release|Any CPU
	EndGlobalSection
	GlobalSection(ProjectConfigurationPlatforms) = postSolution
		{F7C8FEF8-4ADB-4175-A4D8-2A0598B78786}.Debug|Any CPU.ActiveCfg = Debug|Any CPU
		{F7C8FEF8-4ADB-4175-A4D8-2A0598B78786}.Debug|Any CPU.Build.0 = Debug|Any CPU
		{F7C8FEF8-4ADB-4175-A4D8-2A0598B78786}.Release|Any CPU.ActiveCfg = Release|Any CPU
		{F7C8FEF8-4ADB-4175-A4D8-2A0598B78786}.Release|Any CPU.Build.0 = Release|Any CPU
		{C3094CF4-DFD2-40FD-BB43-7D0C18006F59}.Debug|Any CPU.ActiveCfg = Debug|Any CPU
		{C3094CF4-DFD2-40FD-BB43-7D0C18006F59}.Debug|Any CPU.Build.0 = Debug|Any CPU
		{C3094CF4-DFD2-40FD-BB43-7D0C18006F59}.Release|Any CPU.ActiveCfg = Release|Any CPU
		{C3094CF4-DFD2-40FD-BB43-7D0C18006F59}.Release|Any CPU.Build.0 = Release|Any CPU
		{C616E2CF-5E0C-4248-A2EF-A8EBA3540B1C}.Debug|Any CPU.ActiveCfg = Debug|Any CPU
		{C616E2CF-5E0C-4248-A2EF-A8EBA3540B1C}.Debug|Any CPU.Build.0 = Debug|Any CPU
		{C616E2CF-5E0C-4248-A2EF-A8EBA3540B1C}.Release|Any CPU.ActiveCfg = Release|Any CPU
		{C616E2CF-5E0C-4248-A2EF-A8EBA3540B1C}.Release|Any CPU.Build.0 = Release|Any CPU
	EndGlobalSection
	GlobalSection(SolutionProperties) = preSolution
		HideSolutionNode = FALSE
	EndGlobalSection
	GlobalSection(ExtensibilityGlobals) = postSolution
		SolutionGuid = {7774C12E-8D53-4719-A621-6EBA0B7AA4D1}
	EndGlobalSection
EndGlobal
